
Microsoft Visual Studio Solution File, Format Version 12.00
# Visual Studio Version 16
VisualStudioVersion = 16.0.29025.244
MinimumVisualStudioVersion = 10.0.40219.1
Project("{FAE04EC0-301F-11D3-BF4B-00C04F79EFBC}") = "Holamundo", "Holamundo\Holamundo.csproj", "{07D702A0-7C62-4BF3-B810-5F21F4E4E2E2}"
EndProject
Global
	GlobalSection(SolutionConfigurationPlatforms) = preSolution
		Debug|Any CPU = Debug|Any CPU
		Release|Any CPU = Release|Any CPU
	EndGlobalSection
	GlobalSection(ProjectConfigurationPlatforms) = postSolution
		{07D702A0-7C62-4BF3-B810-5F21F4E4E2E2}.Debug|Any CPU.ActiveCfg = Debug|Any CPU
		{07D702A0-7C62-4BF3-B810-5F21F4E4E2E2}.Debug|Any CPU.Build.0 = Debug|Any CPU
		{07D702A0-7C62-4BF3-B810-5F21F4E4E2E2}.Release|Any CPU.ActiveCfg = Release|Any CPU
		{07D702A0-7C62-4BF3-B810-5F21F4E4E2E2}.Release|Any CPU.Build.0 = Release|Any CPU
	EndGlobalSection
	GlobalSection(SolutionProperties) = preSolution
		HideSolutionNode = FALSE
	EndGlobalSection
	GlobalSection(ExtensibilityGlobals) = postSolution
		SolutionGuid = {F44D4C54-BAC0-4567-A1A5-1B92685AE860}
	EndGlobalSection
EndGlobal
